
Microsoft Visual Studio Solution File, Format Version 12.00
# Visual Studio Version 17
VisualStudioVersion = 17.1.32319.34
MinimumVisualStudioVersion = 10.0.40219.1
Project("{FAE04EC0-301F-11D3-BF4B-00C04F79EFBC}") = "PorraGirona_Projecte", "PorraGirona_Projecte\PorraGirona_Projecte.csproj", "{F6052E4F-2A64-46B9-8760-F120FD04074A}"
EndProject
Global
	GlobalSection(SolutionConfigurationPlatforms) = preSolution
		Debug|Any CPU = Debug|Any CPU
		Release|Any CPU = Release|Any CPU
	EndGlobalSection
	GlobalSection(ProjectConfigurationPlatforms) = postSolution
		{F6052E4F-2A64-46B9-8760-F120FD04074A}.Debug|Any CPU.ActiveCfg = Debug|Any CPU
		{F6052E4F-2A64-46B9-8760-F120FD04074A}.Debug|Any CPU.Build.0 = Debug|Any CPU
		{F6052E4F-2A64-46B9-8760-F120FD04074A}.Release|Any CPU.ActiveCfg = Release|Any CPU
		{F6052E4F-2A64-46B9-8760-F120FD04074A}.Release|Any CPU.Build.0 = Release|Any CPU
	EndGlobalSection
	GlobalSection(SolutionProperties) = preSolution
		HideSolutionNode = FALSE
	EndGlobalSection
	GlobalSection(ExtensibilityGlobals) = postSolution
		SolutionGuid = {C865B685-B479-42A7-9AE9-05B293BEEF84}
	EndGlobalSection
EndGlobal
